
Microsoft Visual Studio Solution File, Format Version 12.00
# Visual Studio Version 17
VisualStudioVersion = 17.11.35222.181
MinimumVisualStudioVersion = 10.0.40219.1
Project("{8BC9CEB8-8B4A-11D0-8D11-00A0C91BC942}") = "my PVZ", "my PVZ\my PVZ.vcxproj", "{6A91DFA0-77AF-4448-A166-4ECA6A2D890B}"
EndProject
Global
	GlobalSection(SolutionConfigurationPlatforms) = preSolution
		Debug|x64 = Debug|x64
		Debug|x86 = Debug|x86
		Release|x64 = Release|x64
		Release|x86 = Release|x86
	EndGlobalSection
	GlobalSection(ProjectConfigurationPlatforms) = postSolution
		{6A91DFA0-77AF-4448-A166-4ECA6A2D890B}.Debug|x64.ActiveCfg = Debug|x64
		{6A91DFA0-77AF-4448-A166-4ECA6A2D890B}.Debug|x64.Build.0 = Debug|x64
		{6A91DFA0-77AF-4448-A166-4ECA6A2D890B}.Debug|x86.ActiveCfg = Debug|Win32
		{6A91DFA0-77AF-4448-A166-4ECA6A2D890B}.Debug|x86.Build.0 = Debug|Win32
		{6A91DFA0-77AF-4448-A166-4ECA6A2D890B}.Release|x64.ActiveCfg = Release|x64
		{6A91DFA0-77AF-4448-A166-4ECA6A2D890B}.Release|x64.Build.0 = Release|x64
		{6A91DFA0-77AF-4448-A166-4ECA6A2D890B}.Release|x86.ActiveCfg = Release|Win32
		{6A91DFA0-77AF-4448-A166-4ECA6A2D890B}.Release|x86.Build.0 = Release|Win32
	EndGlobalSection
	GlobalSection(SolutionProperties) = preSolution
		HideSolutionNode = FALSE
	EndGlobalSection
	GlobalSection(ExtensibilityGlobals) = postSolution
		SolutionGuid = {D458CB5F-BDD1-419F-AB31-91011927C8A7}
	EndGlobalSection
EndGlobal
