
Microsoft Visual Studio Solution File, Format Version 12.00
# Visual Studio Version 17
VisualStudioVersion = 17.9.34701.34
MinimumVisualStudioVersion = 10.0.40219.1
Project("{8BC9CEB8-8B4A-11D0-8D11-00A0C91BC942}") = "ex_without_max", "ex_without_max\ex_without_max.vcxproj", "{311FC154-4956-4BAA-84C0-9584D5798F10}"
EndProject
Global
	GlobalSection(SolutionConfigurationPlatforms) = preSolution
		Debug|x64 = Debug|x64
		Debug|x86 = Debug|x86
		Release|x64 = Release|x64
		Release|x86 = Release|x86
	EndGlobalSection
	GlobalSection(ProjectConfigurationPlatforms) = postSolution
		{311FC154-4956-4BAA-84C0-9584D5798F10}.Debug|x64.ActiveCfg = Debug|x64
		{311FC154-4956-4BAA-84C0-9584D5798F10}.Debug|x64.Build.0 = Debug|x64
		{311FC154-4956-4BAA-84C0-9584D5798F10}.Debug|x86.ActiveCfg = Debug|Win32
		{311FC154-4956-4BAA-84C0-9584D5798F10}.Debug|x86.Build.0 = Debug|Win32
		{311FC154-4956-4BAA-84C0-9584D5798F10}.Release|x64.ActiveCfg = Release|x64
		{311FC154-4956-4BAA-84C0-9584D5798F10}.Release|x64.Build.0 = Release|x64
		{311FC154-4956-4BAA-84C0-9584D5798F10}.Release|x86.ActiveCfg = Release|Win32
		{311FC154-4956-4BAA-84C0-9584D5798F10}.Release|x86.Build.0 = Release|Win32
	EndGlobalSection
	GlobalSection(SolutionProperties) = preSolution
		HideSolutionNode = FALSE
	EndGlobalSection
	GlobalSection(ExtensibilityGlobals) = postSolution
		SolutionGuid = {182E80C1-2B13-4573-A39D-B703CA5163E7}
	EndGlobalSection
EndGlobal
