
Microsoft Visual Studio Solution File, Format Version 12.00
# Visual Studio Version 17
VisualStudioVersion = 17.9.34701.34
MinimumVisualStudioVersion = 10.0.40219.1
Project("{8BC9CEB8-8B4A-11D0-8D11-00A0C91BC942}") = "排序", "排序\排序.vcxproj", "{1A7409E2-0A8D-4448-93ED-80EE6DA7C39E}"
EndProject
Project("{8BC9CEB8-8B4A-11D0-8D11-00A0C91BC942}") = "light", "light\light.vcxproj", "{D3945AC2-6C09-417B-BA00-E3816124FABC}"
EndProject
Project("{8BC9CEB8-8B4A-11D0-8D11-00A0C91BC942}") = "求天数", "求天数\求天数.vcxproj", "{A3642BAE-B8B0-40C8-8ABF-C03883CDBF00}"
EndProject
Project("{8BC9CEB8-8B4A-11D0-8D11-00A0C91BC942}") = "成绩", "成绩\成绩.vcxproj", "{3265A523-89B5-49D1-A8BC-9486CEE3661E}"
EndProject
Project("{8BC9CEB8-8B4A-11D0-8D11-00A0C91BC942}") = "成绩排序", "成绩排序\成绩排序.vcxproj", "{05CE66F2-710F-4A38-A890-C8A0630D1858}"
EndProject
Project("{8BC9CEB8-8B4A-11D0-8D11-00A0C91BC942}") = "hanoic", "hanoic\hanoic.vcxproj", "{3AE35408-46BC-4F8C-A8BE-0338700F950D}"
EndProject
Project("{8BC9CEB8-8B4A-11D0-8D11-00A0C91BC942}") = "hanoi", "hanoi\hanoi.vcxproj", "{42776F84-B092-446F-B3F4-F58A16E2FA6E}"
EndProject
Project("{8BC9CEB8-8B4A-11D0-8D11-00A0C91BC942}") = "小数", "小数\小数.vcxproj", "{B2CB4FC6-CD7E-4356-A718-6D9642775F26}"
EndProject
Project("{8BC9CEB8-8B4A-11D0-8D11-00A0C91BC942}") = "年历", "年历\年历.vcxproj", "{3180C974-A26F-4F13-9C28-61AB7CCEB04B}"
EndProject
Project("{8BC9CEB8-8B4A-11D0-8D11-00A0C91BC942}") = "sbhanoi", "sbhanoi\sbhanoi.vcxproj", "{7AAF9275-502B-42F7-812E-B55401F2BBD4}"
EndProject
Project("{8BC9CEB8-8B4A-11D0-8D11-00A0C91BC942}") = "shuduku", "shuduku\shuduku.vcxproj", "{956665FA-9E59-415F-978A-C4738DA997AB}"
EndProject
Global
	GlobalSection(SolutionConfigurationPlatforms) = preSolution
		Debug|x64 = Debug|x64
		Debug|x86 = Debug|x86
		Release|x64 = Release|x64
		Release|x86 = Release|x86
	EndGlobalSection
	GlobalSection(ProjectConfigurationPlatforms) = postSolution
		{1A7409E2-0A8D-4448-93ED-80EE6DA7C39E}.Debug|x64.ActiveCfg = Debug|x64
		{1A7409E2-0A8D-4448-93ED-80EE6DA7C39E}.Debug|x64.Build.0 = Debug|x64
		{1A7409E2-0A8D-4448-93ED-80EE6DA7C39E}.Debug|x86.ActiveCfg = Debug|Win32
		{1A7409E2-0A8D-4448-93ED-80EE6DA7C39E}.Debug|x86.Build.0 = Debug|Win32
		{1A7409E2-0A8D-4448-93ED-80EE6DA7C39E}.Release|x64.ActiveCfg = Release|x64
		{1A7409E2-0A8D-4448-93ED-80EE6DA7C39E}.Release|x64.Build.0 = Release|x64
		{1A7409E2-0A8D-4448-93ED-80EE6DA7C39E}.Release|x86.ActiveCfg = Release|Win32
		{1A7409E2-0A8D-4448-93ED-80EE6DA7C39E}.Release|x86.Build.0 = Release|Win32
		{D3945AC2-6C09-417B-BA00-E3816124FABC}.Debug|x64.ActiveCfg = Debug|x64
		{D3945AC2-6C09-417B-BA00-E3816124FABC}.Debug|x64.Build.0 = Debug|x64
		{D3945AC2-6C09-417B-BA00-E3816124FABC}.Debug|x86.ActiveCfg = Debug|Win32
		{D3945AC2-6C09-417B-BA00-E3816124FABC}.Debug|x86.Build.0 = Debug|Win32
		{D3945AC2-6C09-417B-BA00-E3816124FABC}.Release|x64.ActiveCfg = Release|x64
		{D3945AC2-6C09-417B-BA00-E3816124FABC}.Release|x64.Build.0 = Release|x64
		{D3945AC2-6C09-417B-BA00-E3816124FABC}.Release|x86.ActiveCfg = Release|Win32
		{D3945AC2-6C09-417B-BA00-E3816124FABC}.Release|x86.Build.0 = Release|Win32
		{A3642BAE-B8B0-40C8-8ABF-C03883CDBF00}.Debug|x64.ActiveCfg = Debug|x64
		{A3642BAE-B8B0-40C8-8ABF-C03883CDBF00}.Debug|x64.Build.0 = Debug|x64
		{A3642BAE-B8B0-40C8-8ABF-C03883CDBF00}.Debug|x86.ActiveCfg = Debug|Win32
		{A3642BAE-B8B0-40C8-8ABF-C03883CDBF00}.Debug|x86.Build.0 = Debug|Win32
		{A3642BAE-B8B0-40C8-8ABF-C03883CDBF00}.Release|x64.ActiveCfg = Release|x64
		{A3642BAE-B8B0-40C8-8ABF-C03883CDBF00}.Release|x64.Build.0 = Release|x64
		{A3642BAE-B8B0-40C8-8ABF-C03883CDBF00}.Release|x86.ActiveCfg = Release|Win32
		{A3642BAE-B8B0-40C8-8ABF-C03883CDBF00}.Release|x86.Build.0 = Release|Win32
		{3265A523-89B5-49D1-A8BC-9486CEE3661E}.Debug|x64.ActiveCfg = Debug|x64
		{3265A523-89B5-49D1-A8BC-9486CEE3661E}.Debug|x64.Build.0 = Debug|x64
		{3265A523-89B5-49D1-A8BC-9486CEE3661E}.Debug|x86.ActiveCfg = Debug|Win32
		{3265A523-89B5-49D1-A8BC-9486CEE3661E}.Debug|x86.Build.0 = Debug|Win32
		{3265A523-89B5-49D1-A8BC-9486CEE3661E}.Release|x64.ActiveCfg = Release|x64
		{3265A523-89B5-49D1-A8BC-9486CEE3661E}.Release|x64.Build.0 = Release|x64
		{3265A523-89B5-49D1-A8BC-9486CEE3661E}.Release|x86.ActiveCfg = Release|Win32
		{3265A523-89B5-49D1-A8BC-9486CEE3661E}.Release|x86.Build.0 = Release|Win32
		{05CE66F2-710F-4A38-A890-C8A0630D1858}.Debug|x64.ActiveCfg = Debug|x64
		{05CE66F2-710F-4A38-A890-C8A0630D1858}.Debug|x64.Build.0 = Debug|x64
		{05CE66F2-710F-4A38-A890-C8A0630D1858}.Debug|x86.ActiveCfg = Debug|Win32
		{05CE66F2-710F-4A38-A890-C8A0630D1858}.Debug|x86.Build.0 = Debug|Win32
		{05CE66F2-710F-4A38-A890-C8A0630D1858}.Release|x64.ActiveCfg = Release|x64
		{05CE66F2-710F-4A38-A890-C8A0630D1858}.Release|x64.Build.0 = Release|x64
		{05CE66F2-710F-4A38-A890-C8A0630D1858}.Release|x86.ActiveCfg = Release|Win32
		{05CE66F2-710F-4A38-A890-C8A0630D1858}.Release|x86.Build.0 = Release|Win32
		{3AE35408-46BC-4F8C-A8BE-0338700F950D}.Debug|x64.ActiveCfg = Debug|x64
		{3AE35408-46BC-4F8C-A8BE-0338700F950D}.Debug|x64.Build.0 = Debug|x64
		{3AE35408-46BC-4F8C-A8BE-0338700F950D}.Debug|x86.ActiveCfg = Debug|Win32
		{3AE35408-46BC-4F8C-A8BE-0338700F950D}.Debug|x86.Build.0 = Debug|Win32
		{3AE35408-46BC-4F8C-A8BE-0338700F950D}.Release|x64.ActiveCfg = Release|x64
		{3AE35408-46BC-4F8C-A8BE-0338700F950D}.Release|x64.Build.0 = Release|x64
		{3AE35408-46BC-4F8C-A8BE-0338700F950D}.Release|x86.ActiveCfg = Release|Win32
		{3AE35408-46BC-4F8C-A8BE-0338700F950D}.Release|x86.Build.0 = Release|Win32
		{42776F84-B092-446F-B3F4-F58A16E2FA6E}.Debug|x64.ActiveCfg = Debug|x64
		{42776F84-B092-446F-B3F4-F58A16E2FA6E}.Debug|x64.Build.0 = Debug|x64
		{42776F84-B092-446F-B3F4-F58A16E2FA6E}.Debug|x86.ActiveCfg = Debug|Win32
		{42776F84-B092-446F-B3F4-F58A16E2FA6E}.Debug|x86.Build.0 = Debug|Win32
		{42776F84-B092-446F-B3F4-F58A16E2FA6E}.Release|x64.ActiveCfg = Release|x64
		{42776F84-B092-446F-B3F4-F58A16E2FA6E}.Release|x64.Build.0 = Release|x64
		{42776F84-B092-446F-B3F4-F58A16E2FA6E}.Release|x86.ActiveCfg = Release|Win32
		{42776F84-B092-446F-B3F4-F58A16E2FA6E}.Release|x86.Build.0 = Release|Win32
		{B2CB4FC6-CD7E-4356-A718-6D9642775F26}.Debug|x64.ActiveCfg = Debug|x64
		{B2CB4FC6-CD7E-4356-A718-6D9642775F26}.Debug|x64.Build.0 = Debug|x64
		{B2CB4FC6-CD7E-4356-A718-6D9642775F26}.Debug|x86.ActiveCfg = Debug|Win32
		{B2CB4FC6-CD7E-4356-A718-6D9642775F26}.Debug|x86.Build.0 = Debug|Win32
		{B2CB4FC6-CD7E-4356-A718-6D9642775F26}.Release|x64.ActiveCfg = Release|x64
		{B2CB4FC6-CD7E-4356-A718-6D9642775F26}.Release|x64.Build.0 = Release|x64
		{B2CB4FC6-CD7E-4356-A718-6D9642775F26}.Release|x86.ActiveCfg = Release|Win32
		{B2CB4FC6-CD7E-4356-A718-6D9642775F26}.Release|x86.Build.0 = Release|Win32
		{3180C974-A26F-4F13-9C28-61AB7CCEB04B}.Debug|x64.ActiveCfg = Debug|x64
		{3180C974-A26F-4F13-9C28-61AB7CCEB04B}.Debug|x64.Build.0 = Debug|x64
		{3180C974-A26F-4F13-9C28-61AB7CCEB04B}.Debug|x86.ActiveCfg = Debug|Win32
		{3180C974-A26F-4F13-9C28-61AB7CCEB04B}.Debug|x86.Build.0 = Debug|Win32
		{3180C974-A26F-4F13-9C28-61AB7CCEB04B}.Release|x64.ActiveCfg = Release|x64
		{3180C974-A26F-4F13-9C28-61AB7CCEB04B}.Release|x64.Build.0 = Release|x64
		{3180C974-A26F-4F13-9C28-61AB7CCEB04B}.Release|x86.ActiveCfg = Release|Win32
		{3180C974-A26F-4F13-9C28-61AB7CCEB04B}.Release|x86.Build.0 = Release|Win32
		{7AAF9275-502B-42F7-812E-B55401F2BBD4}.Debug|x64.ActiveCfg = Debug|x64
		{7AAF9275-502B-42F7-812E-B55401F2BBD4}.Debug|x64.Build.0 = Debug|x64
		{7AAF9275-502B-42F7-812E-B55401F2BBD4}.Debug|x86.ActiveCfg = Debug|Win32
		{7AAF9275-502B-42F7-812E-B55401F2BBD4}.Debug|x86.Build.0 = Debug|Win32
		{7AAF9275-502B-42F7-812E-B55401F2BBD4}.Release|x64.ActiveCfg = Release|x64
		{7AAF9275-502B-42F7-812E-B55401F2BBD4}.Release|x64.Build.0 = Release|x64
		{7AAF9275-502B-42F7-812E-B55401F2BBD4}.Release|x86.ActiveCfg = Release|Win32
		{7AAF9275-502B-42F7-812E-B55401F2BBD4}.Release|x86.Build.0 = Release|Win32
		{956665FA-9E59-415F-978A-C4738DA997AB}.Debug|x64.ActiveCfg = Debug|x64
		{956665FA-9E59-415F-978A-C4738DA997AB}.Debug|x64.Build.0 = Debug|x64
		{956665FA-9E59-415F-978A-C4738DA997AB}.Debug|x86.ActiveCfg = Debug|Win32
		{956665FA-9E59-415F-978A-C4738DA997AB}.Debug|x86.Build.0 = Debug|Win32
		{956665FA-9E59-415F-978A-C4738DA997AB}.Release|x64.ActiveCfg = Release|x64
		{956665FA-9E59-415F-978A-C4738DA997AB}.Release|x64.Build.0 = Release|x64
		{956665FA-9E59-415F-978A-C4738DA997AB}.Release|x86.ActiveCfg = Release|Win32
		{956665FA-9E59-415F-978A-C4738DA997AB}.Release|x86.Build.0 = Release|Win32
	EndGlobalSection
	GlobalSection(SolutionProperties) = preSolution
		HideSolutionNode = FALSE
	EndGlobalSection
	GlobalSection(ExtensibilityGlobals) = postSolution
		SolutionGuid = {1CA0C2C6-40B3-42B3-AE24-3AA93477731D}
	EndGlobalSection
EndGlobal
